{
  "name": "unicode-emoji-picker",
  "version": "2.0.0-next.1",
  "lockfileVersion": 2,
  "requires": true,
  "packages": {
    "": {
      "name": "unicode-emoji-picker",
      "version": "2.0.0-next.1",
      "license": "MIT",
      "dependencies": {
        "scrollable-component": "^2.0.0-next.0",
        "unicode-emoji": "^2.6.0"
      }
    },
    "node_modules/scrollable-component": {
      "version": "2.0.0-next.0",
      "resolved": "https://registry.npmjs.org/scrollable-component/-/scrollable-component-2.0.0-next.0.tgz",
      "integrity": "sha512-GUY6n/4POnwE5z43ta94DGdml2Av1AetcA4Fryq4jEq+jIoLBUqqjUyvtjo3LfOryf+pQW1zfdpnkGx51eKcUQ=="
    },
    "node_modules/unicode-emoji": {
      "version": "2.6.0",
      "resolved": "https://registry.npmjs.org/unicode-emoji/-/unicode-emoji-2.6.0.tgz",
      "integrity": "sha512-MUqkJwdIX2Fw/RttfuJArKvDY2NStDylcAGOn5bbhWfBu+KRSILpjM/TMPbuSNp5plAe45ONv8dqmqtiPNmJ7A==",
      "license": "MIT"
    }
  },
  "dependencies": {
    "scrollable-component": {
      "version": "2.0.0-next.0",
      "resolved": "https://registry.npmjs.org/scrollable-component/-/scrollable-component-2.0.0-next.0.tgz",
      "integrity": "sha512-GUY6n/4POnwE5z43ta94DGdml2Av1AetcA4Fryq4jEq+jIoLBUqqjUyvtjo3LfOryf+pQW1zfdpnkGx51eKcUQ=="
    },
    "unicode-emoji": {
      "version": "2.6.0",
      "resolved": "https://registry.npmjs.org/unicode-emoji/-/unicode-emoji-2.6.0.tgz",
      "integrity": "sha512-MUqkJwdIX2Fw/RttfuJArKvDY2NStDylcAGOn5bbhWfBu+KRSILpjM/TMPbuSNp5plAe45ONv8dqmqtiPNmJ7A=="
    }
  }
}
