{
  "name": "unicode-emoji-picker",
  "version": "1.6.0",
  "lockfileVersion": 3,
  "requires": true,
  "packages": {
    "": {
      "name": "unicode-emoji-picker",
      "version": "1.6.0",
      "license": "MIT",
      "dependencies": {
        "scrollable-component": "^1.2.1",
        "unicode-emoji": "^2.7.0"
      }
    },
    "node_modules/scrollable-component": {
      "version": "1.2.1",
      "resolved": "https://registry.npmjs.org/scrollable-component/-/scrollable-component-1.2.1.tgz",
      "integrity": "sha512-NwzS5uaBHkpnLTKKRoJnck3ZhJE+Erya334od8x7JcEZmeo4iNlUmxOglpZSPYbOxSkw6wFDMIeyd/wgbC6qRA==",
      "license": "MIT"
    },
    "node_modules/unicode-emoji": {
      "version": "2.7.0",
      "resolved": "https://registry.npmjs.org/unicode-emoji/-/unicode-emoji-2.7.0.tgz",
      "integrity": "sha512-K5RcGjR/XffVlhSGFET5CX+FoEiR6Tv52ENEmHA9K04fYg7RT8xtqa64TBDqPZhsI309BrAaJKxxdm3uee4qew==",
      "license": "MIT"
    }
  }
}
