{
  "name": "unicode-emoji-picker",
  "version": "2.0.0-next.2",
  "lockfileVersion": 3,
  "requires": true,
  "packages": {
    "": {
      "name": "unicode-emoji-picker",
      "version": "2.0.0-next.2",
      "license": "MIT",
      "dependencies": {
        "scrollable-component": "^2.0.0-next.0",
        "unicode-emoji": "^2.7.0"
      }
    },
    "node_modules/scrollable-component": {
      "version": "2.0.0-next.0",
      "resolved": "https://registry.npmjs.org/scrollable-component/-/scrollable-component-2.0.0-next.0.tgz",
      "integrity": "sha512-GUY6n/4POnwE5z43ta94DGdml2Av1AetcA4Fryq4jEq+jIoLBUqqjUyvtjo3LfOryf+pQW1zfdpnkGx51eKcUQ==",
      "license": "MIT"
    },
    "node_modules/unicode-emoji": {
      "version": "2.7.0",
      "resolved": "https://registry.npmjs.org/unicode-emoji/-/unicode-emoji-2.7.0.tgz",
      "integrity": "sha512-K5RcGjR/XffVlhSGFET5CX+FoEiR6Tv52ENEmHA9K04fYg7RT8xtqa64TBDqPZhsI309BrAaJKxxdm3uee4qew==",
      "license": "MIT"
    }
  }
}
